
Microsoft Visual Studio Solution File, Format Version 12.00
# Visual Studio Version 17
VisualStudioVersion = 17.3.32922.545
MinimumVisualStudioVersion = 10.0.40219.1
Project("{FAE04EC0-301F-11D3-BF4B-00C04F79EFBC}") = "EntityFw", "EntityFw\EntityFw.csproj", "{0313B7FD-F230-42A5-8DB9-C2A54A1D9B06}"
EndProject
Global
	GlobalSection(SolutionConfigurationPlatforms) = preSolution
		Debug|Any CPU = Debug|Any CPU
		Release|Any CPU = Release|Any CPU
	EndGlobalSection
	GlobalSection(ProjectConfigurationPlatforms) = postSolution
		{0313B7FD-F230-42A5-8DB9-C2A54A1D9B06}.Debug|Any CPU.ActiveCfg = Debug|Any CPU
		{0313B7FD-F230-42A5-8DB9-C2A54A1D9B06}.Debug|Any CPU.Build.0 = Debug|Any CPU
		{0313B7FD-F230-42A5-8DB9-C2A54A1D9B06}.Release|Any CPU.ActiveCfg = Release|Any CPU
		{0313B7FD-F230-42A5-8DB9-C2A54A1D9B06}.Release|Any CPU.Build.0 = Release|Any CPU
	EndGlobalSection
	GlobalSection(SolutionProperties) = preSolution
		HideSolutionNode = FALSE
	EndGlobalSection
	GlobalSection(ExtensibilityGlobals) = postSolution
		SolutionGuid = {22A1C721-2568-4631-9557-5CCADDA9B6B7}
	EndGlobalSection
EndGlobal
